
Microsoft Visual Studio Solution File, Format Version 12.00
# Visual Studio Version 17
VisualStudioVersion = 17.2.32602.215
MinimumVisualStudioVersion = 10.0.40219.1
Project("{FAE04EC0-301F-11D3-BF4B-00C04F79EFBC}") = "PROYECT_BINAES", "FormPrincipal\PROYECT_BINAES.csproj", "{AF3609C8-CD31-45AE-AFD8-FB2BF45B9D55}"
EndProject
Global
	GlobalSection(SolutionConfigurationPlatforms) = preSolution
		Debug|Any CPU = Debug|Any CPU
		Release|Any CPU = Release|Any CPU
	EndGlobalSection
	GlobalSection(ProjectConfigurationPlatforms) = postSolution
		{AF3609C8-CD31-45AE-AFD8-FB2BF45B9D55}.Debug|Any CPU.ActiveCfg = Debug|Any CPU
		{AF3609C8-CD31-45AE-AFD8-FB2BF45B9D55}.Debug|Any CPU.Build.0 = Debug|Any CPU
		{AF3609C8-CD31-45AE-AFD8-FB2BF45B9D55}.Release|Any CPU.ActiveCfg = Release|Any CPU
		{AF3609C8-CD31-45AE-AFD8-FB2BF45B9D55}.Release|Any CPU.Build.0 = Release|Any CPU
	EndGlobalSection
	GlobalSection(SolutionProperties) = preSolution
		HideSolutionNode = FALSE
	EndGlobalSection
	GlobalSection(ExtensibilityGlobals) = postSolution
		SolutionGuid = {297C2CD8-83EA-4461-A804-215637645FC9}
	EndGlobalSection
EndGlobal
